{
  "nodes": {
    "nix-filter": {
      "locked": {
        "lastModified": 1694857738,
        "narHash": "sha256-bxxNyLHjhu0N8T3REINXQ2ZkJco0ABFPn6PIe2QUfqo=",
        "owner": "numtide",
        "repo": "nix-filter",
        "rev": "41fd48e00c22b4ced525af521ead8792402de0ea",
        "type": "github"
      },
      "original": {
        "owner": "numtide",
        "repo": "nix-filter",
        "type": "github"
      }
    },
    "nix-std": {
      "locked": {
        "lastModified": 1685917625,
        "narHash": "sha256-2manVKofCZrCToVDnDYNvtYUFBYOM5JhdDoNGVY4fq4=",
        "owner": "chessai",
        "repo": "nix-std",
        "rev": "e20af8822b5739434b875643bfc61fe0195ea2fb",
        "type": "github"
      },
      "original": {
        "owner": "chessai",
        "repo": "nix-std",
        "type": "github"
      }
    },
    "nixpkgs": {
      "locked": {
        "lastModified": 1698795814,
        "narHash": "sha256-HFjjlZY62hUdWYjnyRdAy7OoNChpC0zqiqVXAIcQFCw=",
        "owner": "NixOS",
        "repo": "nixpkgs",
        "rev": "864814c092a7b9965104ce0b6639dc986350050b",
        "type": "github"
      },
      "original": {
        "owner": "NixOS",
        "ref": "release-23.05",
        "repo": "nixpkgs",
        "type": "github"
      }
    },
    "root": {
      "inputs": {
        "nix-filter": "nix-filter",
        "nix-std": "nix-std",
        "nixpkgs": "nixpkgs"
      }
    }
  },
  "root": "root",
  "version": 7
}
